{
  "name": "rovel.js",
  "version": "1.1.9",
  "lockfileVersion": 2,
  "requires": true,
  "packages": {
    "": {
      "name": "rovel.js",
      "version": "1.1.9",
      "hasInstallScript": true,
      "license": "AGPL-1.0-or-later",
      "bin": {
        "http-server": "server/http.js",
        "https-server": "server/https.js",
        "rovelos-install": "rovelos/install.js",
        "rovelos-login": "rovelos/bin/main.js",
        "rovelos-logout": "rovelos/bin/out.js",
        "supports-colors": "plugins/supports-colors/bin.js"
      },
      "engines": {
        "node": ">=12.x",
        "npm": ">=7.x"
      }
    }
  }
}
